// !$*UTF8*$!
{
	archiveVersion = 1;
	classes = {
	};
	objectVersion = 55;
	objects = {

/* Begin PBXBuildFile section */
		4FD71CB928F5AA7A00A3350D /* AppDelegate.swift in Sources */ = {isa = PBXBuildFile; fileRef = 4FD71CB828F5AA7A00A3350D /* AppDelegate.swift */; };
		4FD71CBB28F5AA7A00A3350D /* SceneDelegate.swift in Sources */ = {isa = PBXBuildFile; fileRef = 4FD71CBA28F5AA7A00A3350D /* SceneDelegate.swift */; };
		4FD71CBD28F5AA7A00A3350D /* ViewController.swift in Sources */ = {isa = PBXBuildFile; fileRef = 4FD71CBC28F5AA7A00A3350D /* ViewController.swift */; };
		4FD71CC028F5AA7A00A3350D /* Main.storyboard in Resources */ = {isa = PBXBuildFile; fileRef = 4FD71CBE28F5AA7A00A3350D /* Main.storyboard */; };
		4FD71CC328F5AA7A00A3350D /* AnimeListApp.xcdatamodeld in Sources */ = {isa = PBXBuildFile; fileRef = 4FD71CC128F5AA7A00A3350D /* AnimeListApp.xcdatamodeld */; };
		4FD71CC528F5AA7A00A3350D /* Assets.xcassets in Resources */ = {isa = PBXBuildFile; fileRef = 4FD71CC428F5AA7A00A3350D /* Assets.xcassets */; };
		4FD71CC828F5AA7A00A3350D /* LaunchScreen.storyboard in Resources */ = {isa = PBXBuildFile; fileRef = 4FD71CC628F5AA7A00A3350D /* LaunchScreen.storyboard */; };
		4FD71CD328F5AA7A00A3350D /* AnimeListAppTests.swift in Sources */ = {isa = PBXBuildFile; fileRef = 4FD71CD228F5AA7A00A3350D /* AnimeListAppTests.swift */; };
		4FD71CDD28F5AA7A00A3350D /* AnimeListAppUITests.swift in Sources */ = {isa = PBXBuildFile; fileRef = 4FD71CDC28F5AA7A00A3350D /* AnimeListAppUITests.swift */; };
		4FD71CDF28F5AA7A00A3350D /* AnimeListAppUITestsLaunchTests.swift in Sources */ = {isa = PBXBuildFile; fileRef = 4FD71CDE28F5AA7A00A3350D /* AnimeListAppUITestsLaunchTests.swift */; };
/* End PBXBuildFile section */

/* Begin PBXContainerItemProxy section */
		4FD71CCF28F5AA7A00A3350D /* PBXContainerItemProxy */ = {
			isa = PBXContainerItemProxy;
			containerPortal = 4FD71CAD28F5AA7A00A3350D /* Project object */;
			proxyType = 1;
			remoteGlobalIDString = 4FD71CB428F5AA7A00A3350D;
			remoteInfo = AnimeListApp;
		};
		4FD71CD928F5AA7A00A3350D /* PBXContainerItemProxy */ = {
			isa = PBXContainerItemProxy;
			containerPortal = 4FD71CAD28F5AA7A00A3350D /* Project object */;
			proxyType = 1;
			remoteGlobalIDString = 4FD71CB428F5AA7A00A3350D;
			remoteInfo = AnimeListApp;
		};
/* End PBXContainerItemProxy section */

/* Begin PBXFileReference section */
		4FD71CB528F5AA7A00A3350D /* AnimeListApp.app */ = {isa = PBXFileReference; explicitFileType = wrapper.application; includeInIndex = 0; path = AnimeListApp.app; sourceTree = BUILT_PRODUCTS_DIR; };
		4FD71CB828F5AA7A00A3350D /* AppDelegate.swift */ = {isa = PBXFileReference; lastKnownFileType = sourcecode.swift; path = AppDelegate.swift; sourceTree = "<group>"; };
		4FD71CBA28F5AA7A00A3350D /* SceneDelegate.swift */ = {isa = PBXFileReference; lastKnownFileType = sourcecode.swift; path = SceneDelegate.swift; sourceTree = "<group>"; };
		4FD71CBC28F5AA7A00A3350D /* ViewController.swift */ = {isa = PBXFileReference; lastKnownFileType = sourcecode.swift; path = ViewController.swift; sourceTree = "<group>"; };
		4FD71CBF28F5AA7A00A3350D /* Base */ = {isa = PBXFileReference; lastKnownFileType = file.storyboard; name = Base; path = Base.lproj/Main.storyboard; sourceTree = "<group>"; };
		4FD71CC228F5AA7A00A3350D /* AnimeListApp.xcdatamodel */ = {isa = PBXFileReference; lastKnownFileType = wrapper.xcdatamodel; path = AnimeListApp.xcdatamodel; sourceTree = "<group>"; };
		4FD71CC428F5AA7A00A3350D /* Assets.xcassets */ = {isa = PBXFileReference; lastKnownFileType = folder.assetcatalog; path = Assets.xcassets; sourceTree = "<group>"; };
		4FD71CC728F5AA7A00A3350D /* Base */ = {isa = PBXFileReference; lastKnownFileType = file.storyboard; name = Base; path = Base.lproj/LaunchScreen.storyboard; sourceTree = "<group>"; };
		4FD71CC928F5AA7A00A3350D /* Info.plist */ = {isa = PBXFileReference; lastKnownFileType = text.plist.xml; path = Info.plist; sourceTree = "<group>"; };
		4FD71CCE28F5AA7A00A3350D /* AnimeListAppTests.xctest */ = {isa = PBXFileReference; explicitFileType = wrapper.cfbundle; includeInIndex = 0; path = AnimeListAppTests.xctest; sourceTree = BUILT_PRODUCTS_DIR; };
		4FD71CD228F5AA7A00A3350D /* AnimeListAppTests.swift */ = {isa = PBXFileReference; lastKnownFileType = sourcecode.swift; path = AnimeListAppTests.swift; sourceTree = "<group>"; };
		4FD71CD828F5AA7A00A3350D /* AnimeListAppUITests.xctest */ = {isa = PBXFileReference; explicitFileType = wrapper.cfbundle; includeInIndex = 0; path = AnimeListAppUITests.xctest; sourceTree = BUILT_PRODUCTS_DIR; };
		4FD71CDC28F5AA7A00A3350D /* AnimeListAppUITests.swift */ = {isa = PBXFileReference; lastKnownFileType = sourcecode.swift; path = AnimeListAppUITests.swift; sourceTree = "<group>"; };
		4FD71CDE28F5AA7A00A3350D /* AnimeListAppUITestsLaunchTests.swift */ = {isa = PBXFileReference; lastKnownFileType = sourcecode.swift; path = AnimeListAppUITestsLaunchTests.swift; sourceTree = "<group>"; };
/* End PBXFileReference section */

/* Begin PBXFrameworksBuildPhase section */
		4FD71CB228F5AA7A00A3350D /* Frameworks */ = {
			isa = PBXFrameworksBuildPhase;
			buildActionMask = 2147483647;
			files = (
			);
			runOnlyForDeploymentPostprocessing = 0;
		};
		4FD71CCB28F5AA7A00A3350D /* Frameworks */ = {
			isa = PBXFrameworksBuildPhase;
			buildActionMask = 2147483647;
			files = (
			);
			runOnlyForDeploymentPostprocessing = 0;
		};
		4FD71CD528F5AA7A00A3350D /* Frameworks */ = {
			isa = PBXFrameworksBuildPhase;
			buildActionMask = 2147483647;
			files = (
			);
			runOnlyForDeploymentPostprocessing = 0;
		};
/* End PBXFrameworksBuildPhase section */

/* Begin PBXGroup section */
		4FD71CAC28F5AA7A00A3350D = {
			isa = PBXGroup;
			children = (
				4FD71CB728F5AA7A00A3350D /* AnimeListApp */,
				4FD71CD128F5AA7A00A3350D /* AnimeListAppTests */,
				4FD71CDB28F5AA7A00A3350D /* AnimeListAppUITests */,
				4FD71CB628F5AA7A00A3350D /* Products */,
			);
			sourceTree = "<group>";
		};
		4FD71CB628F5AA7A00A3350D /* Products */ = {
			isa = PBXGroup;
			children = (
				4FD71CB528F5AA7A00A3350D /* AnimeListApp.app */,
				4FD71CCE28F5AA7A00A3350D /* AnimeListAppTests.xctest */,
				4FD71CD828F5AA7A00A3350D /* AnimeListAppUITests.xctest */,
			);
			name = Products;
			sourceTree = "<group>";
		};
		4FD71CB728F5AA7A00A3350D /* AnimeListApp */ = {
			isa = PBXGroup;
			children = (
				4FD71CB828F5AA7A00A3350D /* AppDelegate.swift */,
				4FD71CBA28F5AA7A00A3350D /* SceneDelegate.swift */,
				4FD71CBC28F5AA7A00A3350D /* ViewController.swift */,
				4FD71CBE28F5AA7A00A3350D /* Main.storyboard */,
				4FD71CC428F5AA7A00A3350D /* Assets.xcassets */,
				4FD71CC628F5AA7A00A3350D /* LaunchScreen.storyboard */,
				4FD71CC928F5AA7A00A3350D /* Info.plist */,
				4FD71CC128F5AA7A00A3350D /* AnimeListApp.xcdatamodeld */,
			);
			path = AnimeListApp;
			sourceTree = "<group>";
		};
		4FD71CD128F5AA7A00A3350D /* AnimeListAppTests */ = {
			isa = PBXGroup;
			children = (
				4FD71CD228F5AA7A00A3350D /* AnimeListAppTests.swift */,
			);
			path = AnimeListAppTests;
			sourceTree = "<group>";
		};
		4FD71CDB28F5AA7A00A3350D /* AnimeListAppUITests */ = {
			isa = PBXGroup;
			children = (
				4FD71CDC28F5AA7A00A3350D /* AnimeListAppUITests.swift */,
				4FD71CDE28F5AA7A00A3350D /* AnimeListAppUITestsLaunchTests.swift */,
			);
			path = AnimeListAppUITests;
			sourceTree = "<group>";
		};
/* End PBXGroup section */

/* Begin PBXNativeTarget section */
		4FD71CB428F5AA7A00A3350D /* AnimeListApp */ = {
			isa = PBXNativeTarget;
			buildConfigurationList = 4FD71CE228F5AA7B00A3350D /* Build configuration list for PBXNativeTarget "AnimeListApp" */;
			buildPhases = (
				4FD71CB128F5AA7A00A3350D /* Sources */,
				4FD71CB228F5AA7A00A3350D /* Frameworks */,
				4FD71CB328F5AA7A00A3350D /* Resources */,
			);
			buildRules = (
			);
			dependencies = (
			);
			name = AnimeListApp;
			productName = AnimeListApp;
			productReference = 4FD71CB528F5AA7A00A3350D /* AnimeListApp.app */;
			productType = "com.apple.product-type.application";
		};
		4FD71CCD28F5AA7A00A3350D /* AnimeListAppTests */ = {
			isa = PBXNativeTarget;
			buildConfigurationList = 4FD71CE528F5AA7B00A3350D /* Build configuration list for PBXNativeTarget "AnimeListAppTests" */;
			buildPhases = (
				4FD71CCA28F5AA7A00A3350D /* Sources */,
				4FD71CCB28F5AA7A00A3350D /* Frameworks */,
				4FD71CCC28F5AA7A00A3350D /* Resources */,
			);
			buildRules = (
			);
			dependencies = (
				4FD71CD028F5AA7A00A3350D /* PBXTargetDependency */,
			);
			name = AnimeListAppTests;
			productName = AnimeListAppTests;
			productReference = 4FD71CCE28F5AA7A00A3350D /* AnimeListAppTests.xctest */;
			productType = "com.apple.product-type.bundle.unit-test";
		};
		4FD71CD728F5AA7A00A3350D /* AnimeListAppUITests */ = {
			isa = PBXNativeTarget;
			buildConfigurationList = 4FD71CE828F5AA7B00A3350D /* Build configuration list for PBXNativeTarget "AnimeListAppUITests" */;
			buildPhases = (
				4FD71CD428F5AA7A00A3350D /* Sources */,
				4FD71CD528F5AA7A00A3350D /* Frameworks */,
				4FD71CD628F5AA7A00A3350D /* Resources */,
			);
			buildRules = (
			);
			dependencies = (
				4FD71CDA28F5AA7A00A3350D /* PBXTargetDependency */,
			);
			name = AnimeListAppUITests;
			productName = AnimeListAppUITests;
			productReference = 4FD71CD828F5AA7A00A3350D /* AnimeListAppUITests.xctest */;
			productType = "com.apple.product-type.bundle.ui-testing";
		};
/* End PBXNativeTarget section */

/* Begin PBXProject section */
		4FD71CAD28F5AA7A00A3350D /* Project object */ = {
			isa = PBXProject;
			attributes = {
				BuildIndependentTargetsInParallel = 1;
				LastSwiftUpdateCheck = 1340;
				LastUpgradeCheck = 1340;
				TargetAttributes = {
					4FD71CB428F5AA7A00A3350D = {
						CreatedOnToolsVersion = 13.4.1;
					};
					4FD71CCD28F5AA7A00A3350D = {
						CreatedOnToolsVersion = 13.4.1;
						TestTargetID = 4FD71CB428F5AA7A00A3350D;
					};
					4FD71CD728F5AA7A00A3350D = {
						CreatedOnToolsVersion = 13.4.1;
						TestTargetID = 4FD71CB428F5AA7A00A3350D;
					};
				};
			};
			buildConfigurationList = 4FD71CB028F5AA7A00A3350D /* Build configuration list for PBXProject "AnimeListApp" */;
			compatibilityVersion = "Xcode 13.0";
			developmentRegion = en;
			hasScannedForEncodings = 0;
			knownRegions = (
				en,
				Base,
			);
			mainGroup = 4FD71CAC28F5AA7A00A3350D;
			productRefGroup = 4FD71CB628F5AA7A00A3350D /* Products */;
			projectDirPath = "";
			projectRoot = "";
			targets = (
				4FD71CB428F5AA7A00A3350D /* AnimeListApp */,
				4FD71CCD28F5AA7A00A3350D /* AnimeListAppTests */,
				4FD71CD728F5AA7A00A3350D /* AnimeListAppUITests */,
			);
		};
/* End PBXProject section */

/* Begin PBXResourcesBuildPhase section */
		4FD71CB328F5AA7A00A3350D /* Resources */ = {
			isa = PBXResourcesBuildPhase;
			buildActionMask = 2147483647;
			files = (
				4FD71CC828F5AA7A00A3350D /* LaunchScreen.storyboard in Resources */,
				4FD71CC528F5AA7A00A3350D /* Assets.xcassets in Resources */,
				4FD71CC028F5AA7A00A3350D /* Main.storyboard in Resources */,
			);
			runOnlyForDeploymentPostprocessing = 0;
		};
		4FD71CCC28F5AA7A00A3350D /* Resources */ = {
			isa = PBXResourcesBuildPhase;
			buildActionMask = 2147483647;
			files = (
			);
			runOnlyForDeploymentPostprocessing = 0;
		};
		4FD71CD628F5AA7A00A3350D /* Resources */ = {
			isa = PBXResourcesBuildPhase;
			buildActionMask = 2147483647;
			files = (
			);
			runOnlyForDeploymentPostprocessing = 0;
		};
/* End PBXResourcesBuildPhase section */

/* Begin PBXSourcesBuildPhase section */
		4FD71CB128F5AA7A00A3350D /* Sources */ = {
			isa = PBXSourcesBuildPhase;
			buildActionMask = 2147483647;
			files = (
				4FD71CC328F5AA7A00A3350D /* AnimeListApp.xcdatamodeld in Sources */,
				4FD71CBD28F5AA7A00A3350D /* ViewController.swift in Sources */,
				4FD71CB928F5AA7A00A3350D /* AppDelegate.swift in Sources */,
				4FD71CBB28F5AA7A00A3350D /* SceneDelegate.swift in Sources */,
			);
			runOnlyForDeploymentPostprocessing = 0;
		};
		4FD71CCA28F5AA7A00A3350D /* Sources */ = {
			isa = PBXSourcesBuildPhase;
			buildActionMask = 2147483647;
			files = (
				4FD71CD328F5AA7A00A3350D /* AnimeListAppTests.swift in Sources */,
			);
			runOnlyForDeploymentPostprocessing = 0;
		};
		4FD71CD428F5AA7A00A3350D /* Sources */ = {
			isa = PBXSourcesBuildPhase;
			buildActionMask = 2147483647;
			files = (
				4FD71CDD28F5AA7A00A3350D /* AnimeListAppUITests.swift in Sources */,
				4FD71CDF28F5AA7A00A3350D /* AnimeListAppUITestsLaunchTests.swift in Sources */,
			);
			runOnlyForDeploymentPostprocessing = 0;
		};
/* End PBXSourcesBuildPhase section */

/* Begin PBXTargetDependency section */
		4FD71CD028F5AA7A00A3350D /* PBXTargetDependency */ = {
			isa = PBXTargetDependency;
			target = 4FD71CB428F5AA7A00A3350D /* AnimeListApp */;
			targetProxy = 4FD71CCF28F5AA7A00A3350D /* PBXContainerItemProxy */;
		};
		4FD71CDA28F5AA7A00A3350D /* PBXTargetDependency */ = {
			isa = PBXTargetDependency;
			target = 4FD71CB428F5AA7A00A3350D /* AnimeListApp */;
			targetProxy = 4FD71CD928F5AA7A00A3350D /* PBXContainerItemProxy */;
		};
/* End PBXTargetDependency section */

/* Begin PBXVariantGroup section */
		4FD71CBE28F5AA7A00A3350D /* Main.storyboard */ = {
			isa = PBXVariantGroup;
			children = (
				4FD71CBF28F5AA7A00A3350D /* Base */,
			);
			name = Main.storyboard;
			sourceTree = "<group>";
		};
		4FD71CC628F5AA7A00A3350D /* LaunchScreen.storyboard */ = {
			isa = PBXVariantGroup;
			children = (
				4FD71CC728F5AA7A00A3350D /* Base */,
			);
			name = LaunchScreen.storyboard;
			sourceTree = "<group>";
		};
/* End PBXVariantGroup section */

/* Begin XCBuildConfiguration section */
		4FD71CE028F5AA7B00A3350D /* Debug */ = {
			isa = XCBuildConfiguration;
			buildSettings = {
				ALWAYS_SEARCH_USER_PATHS = NO;
				CLANG_ANALYZER_NONNULL = YES;
				CLANG_ANALYZER_NUMBER_OBJECT_CONVERSION = YES_AGGRESSIVE;
				CLANG_CXX_LANGUAGE_STANDARD = "gnu++17";
				CLANG_ENABLE_MODULES = YES;
				CLANG_ENABLE_OBJC_ARC = YES;
				CLANG_ENABLE_OBJC_WEAK = YES;
				CLANG_WARN_BLOCK_CAPTURE_AUTORELEASING = YES;
				CLANG_WARN_BOOL_CONVERSION = YES;
				CLANG_WARN_COMMA = YES;
				CLANG_WARN_CONSTANT_CONVERSION = YES;
				CLANG_WARN_DEPRECATED_OBJC_IMPLEMENTATIONS = YES;
				CLANG_WARN_DIRECT_OBJC_ISA_USAGE = YES_ERROR;
				CLANG_WARN_DOCUMENTATION_COMMENTS = YES;
				CLANG_WARN_EMPTY_BODY = YES;
				CLANG_WARN_ENUM_CONVERSION = YES;
				CLANG_WARN_INFINITE_RECURSION = YES;
				CLANG_WARN_INT_CONVERSION = YES;
				CLANG_WARN_NON_LITERAL_NULL_CONVERSION = YES;
				CLANG_WARN_OBJC_IMPLICIT_RETAIN_SELF = YES;
				CLANG_WARN_OBJC_LITERAL_CONVERSION = YES;
				CLANG_WARN_OBJC_ROOT_CLASS = YES_ERROR;
				CLANG_WARN_QUOTED_INCLUDE_IN_FRAMEWORK_HEADER = YES;
				CLANG_WARN_RANGE_LOOP_ANALYSIS = YES;
				CLANG_WARN_STRICT_PROTOTYPES = YES;
				CLANG_WARN_SUSPICIOUS_MOVE = YES;
				CLANG_WARN_UNGUARDED_AVAILABILITY = YES_AGGRESSIVE;
				CLANG_WARN_UNREACHABLE_CODE = YES;
				CLANG_WARN__DUPLICATE_METHOD_MATCH = YES;
				COPY_PHASE_STRIP = NO;
				DEBUG_INFORMATION_FORMAT = dwarf;
				ENABLE_STRICT_OBJC_MSGSEND = YES;
				ENABLE_TESTABILITY = YES;
				GCC_C_LANGUAGE_STANDARD = gnu11;
				GCC_DYNAMIC_NO_PIC = NO;
				GCC_NO_COMMON_BLOCKS = YES;
				GCC_OPTIMIZATION_LEVEL = 0;
				GCC_PREPROCESSOR_DEFINITIONS = (
					"DEBUG=1",
					"$(inherited)",
				);
				GCC_WARN_64_TO_32_BIT_CONVERSION = YES;
				GCC_WARN_ABOUT_RETURN_TYPE = YES_ERROR;
				GCC_WARN_UNDECLARED_SELECTOR = YES;
				GCC_WARN_UNINITIALIZED_AUTOS = YES_AGGRESSIVE;
				GCC_WARN_UNUSED_FUNCTION = YES;
				GCC_WARN_UNUSED_VARIABLE = YES;
				IPHONEOS_DEPLOYMENT_TARGET = 15.5;
				MTL_ENABLE_DEBUG_INFO = INCLUDE_SOURCE;
				MTL_FAST_MATH = YES;
				ONLY_ACTIVE_ARCH = YES;
				SDKROOT = iphoneos;
				SWIFT_ACTIVE_COMPILATION_CONDITIONS = DEBUG;
				SWIFT_OPTIMIZATION_LEVEL = "-Onone";
			};
			name = Debug;
		};
		4FD71CE128F5AA7B00A3350D /* Release */ = {
			isa = XCBuildConfiguration;
			buildSettings = {
				ALWAYS_SEARCH_USER_PATHS = NO;
				CLANG_ANALYZER_NONNULL = YES;
				CLANG_ANALYZER_NUMBER_OBJECT_CONVERSION = YES_AGGRESSIVE;
				CLANG_CXX_LANGUAGE_STANDARD = "gnu++17";
				CLANG_ENABLE_MODULES = YES;
				CLANG_ENABLE_OBJC_ARC = YES;
				CLANG_ENABLE_OBJC_WEAK = YES;
				CLANG_WARN_BLOCK_CAPTURE_AUTORELEASING = YES;
				CLANG_WARN_BOOL_CONVERSION = YES;
				CLANG_WARN_COMMA = YES;
				CLANG_WARN_CONSTANT_CONVERSION = YES;
				CLANG_WARN_DEPRECATED_OBJC_IMPLEMENTATIONS = YES;
				CLANG_WARN_DIRECT_OBJC_ISA_USAGE = YES_ERROR;
				CLANG_WARN_DOCUMENTATION_COMMENTS = YES;
				CLANG_WARN_EMPTY_BODY = YES;
				CLANG_WARN_ENUM_CONVERSION = YES;
				CLANG_WARN_INFINITE_RECURSION = YES;
				CLANG_WARN_INT_CONVERSION = YES;
				CLANG_WARN_NON_LITERAL_NULL_CONVERSION = YES;
				CLANG_WARN_OBJC_IMPLICIT_RETAIN_SELF = YES;
				CLANG_WARN_OBJC_LITERAL_CONVERSION = YES;
				CLANG_WARN_OBJC_ROOT_CLASS = YES_ERROR;
				CLANG_WARN_QUOTED_INCLUDE_IN_FRAMEWORK_HEADER = YES;
				CLANG_WARN_RANGE_LOOP_ANALYSIS = YES;
				CLANG_WARN_STRICT_PROTOTYPES = YES;
				CLANG_WARN_SUSPICIOUS_MOVE = YES;
				CLANG_WARN_UNGUARDED_AVAILABILITY = YES_AGGRESSIVE;
				CLANG_WARN_UNREACHABLE_CODE = YES;
				CLANG_WARN__DUPLICATE_METHOD_MATCH = YES;
				COPY_PHASE_STRIP = NO;
				DEBUG_INFORMATION_FORMAT = "dwarf-with-dsym";
				ENABLE_NS_ASSERTIONS = NO;
				ENABLE_STRICT_OBJC_MSGSEND = YES;
				GCC_C_LANGUAGE_STANDARD = gnu11;
				GCC_NO_COMMON_BLOCKS = YES;
				GCC_WARN_64_TO_32_BIT_CONVERSION = YES;
				GCC_WARN_ABOUT_RETURN_TYPE = YES_ERROR;
				GCC_WARN_UNDECLARED_SELECTOR = YES;
				GCC_WARN_UNINITIALIZED_AUTOS = YES_AGGRESSIVE;
				GCC_WARN_UNUSED_FUNCTION = YES;
				GCC_WARN_UNUSED_VARIABLE = YES;
				IPHONEOS_DEPLOYMENT_TARGET = 15.5;
				MTL_ENABLE_DEBUG_INFO = NO;
				MTL_FAST_MATH = YES;
				SDKROOT = iphoneos;
				SWIFT_COMPILATION_MODE = wholemodule;
				SWIFT_OPTIMIZATION_LEVEL = "-O";
				VALIDATE_PRODUCT = YES;
			};
			name = Release;
		};
		4FD71CE328F5AA7B00A3350D /* Debug */ = {
			isa = XCBuildConfiguration;
			buildSettings = {
				ASSETCATALOG_COMPILER_APPICON_NAME = AppIcon;
				ASSETCATALOG_COMPILER_GLOBAL_ACCENT_COLOR_NAME = AccentColor;
				CODE_SIGN_STYLE = Automatic;
				CURRENT_PROJECT_VERSION = 1;
				DEVELOPMENT_TEAM = PPSYB39C6H;
				GENERATE_INFOPLIST_FILE = YES;
				INFOPLIST_FILE = AnimeListApp/Info.plist;
				INFOPLIST_KEY_UIApplicationSupportsIndirectInputEvents = YES;
				INFOPLIST_KEY_UILaunchStoryboardName = LaunchScreen;
				INFOPLIST_KEY_UIMainStoryboardFile = Main;
				INFOPLIST_KEY_UISupportedInterfaceOrientations_iPad = "UIInterfaceOrientationPortrait UIInterfaceOrientationPortraitUpsideDown UIInterfaceOrientationLandscapeLeft UIInterfaceOrientationLandscapeRight";
				INFOPLIST_KEY_UISupportedInterfaceOrientations_iPhone = "UIInterfaceOrientationPortrait UIInterfaceOrientationLandscapeLeft UIInterfaceOrientationLandscapeRight";
				LD_RUNPATH_SEARCH_PATHS = (
					"$(inherited)",
					"@executable_path/Frameworks",
				);
				MARKETING_VERSION = 1.0;
				PRODUCT_BUNDLE_IDENTIFIER = progamming.AnimeListApp;
				PRODUCT_NAME = "$(TARGET_NAME)";
				SWIFT_EMIT_LOC_STRINGS = YES;
				SWIFT_VERSION = 5.0;
				TARGETED_DEVICE_FAMILY = "1,2";
			};
			name = Debug;
		};
		4FD71CE428F5AA7B00A3350D /* Release */ = {
			isa = XCBuildConfiguration;
			buildSettings = {
				ASSETCATALOG_COMPILER_APPICON_NAME = AppIcon;
				ASSETCATALOG_COMPILER_GLOBAL_ACCENT_COLOR_NAME = AccentColor;
				CODE_SIGN_STYLE = Automatic;
				CURRENT_PROJECT_VERSION = 1;
				DEVELOPMENT_TEAM = PPSYB39C6H;
				GENERATE_INFOPLIST_FILE = YES;
				INFOPLIST_FILE = AnimeListApp/Info.plist;
				INFOPLIST_KEY_UIApplicationSupportsIndirectInputEvents = YES;
				INFOPLIST_KEY_UILaunchStoryboardName = LaunchScreen;
				INFOPLIST_KEY_UIMainStoryboardFile = Main;
				INFOPLIST_KEY_UISupportedInterfaceOrientations_iPad = "UIInterfaceOrientationPortrait UIInterfaceOrientationPortraitUpsideDown UIInterfaceOrientationLandscapeLeft UIInterfaceOrientationLandscapeRight";
				INFOPLIST_KEY_UISupportedInterfaceOrientations_iPhone = "UIInterfaceOrientationPortrait UIInterfaceOrientationLandscapeLeft UIInterfaceOrientationLandscapeRight";
				LD_RUNPATH_SEARCH_PATHS = (
					"$(inherited)",
					"@executable_path/Frameworks",
				);
				MARKETING_VERSION = 1.0;
				PRODUCT_BUNDLE_IDENTIFIER = progamming.AnimeListApp;
				PRODUCT_NAME = "$(TARGET_NAME)";
				SWIFT_EMIT_LOC_STRINGS = YES;
				SWIFT_VERSION = 5.0;
				TARGETED_DEVICE_FAMILY = "1,2";
			};
			name = Release;
		};
		4FD71CE628F5AA7B00A3350D /* Debug */ = {
			isa = XCBuildConfiguration;
			buildSettings = {
				ALWAYS_EMBED_SWIFT_STANDARD_LIBRARIES = YES;
				BUNDLE_LOADER = "$(TEST_HOST)";
				CODE_SIGN_STYLE = Automatic;
				CURRENT_PROJECT_VERSION = 1;
				DEVELOPMENT_TEAM = PPSYB39C6H;
				GENERATE_INFOPLIST_FILE = YES;
				IPHONEOS_DEPLOYMENT_TARGET = 15.5;
				MARKETING_VERSION = 1.0;
				PRODUCT_BUNDLE_IDENTIFIER = progamming.AnimeListAppTests;
				PRODUCT_NAME = "$(TARGET_NAME)";
				SWIFT_EMIT_LOC_STRINGS = NO;
				SWIFT_VERSION = 5.0;
				TARGETED_DEVICE_FAMILY = "1,2";
				TEST_HOST = "$(BUILT_PRODUCTS_DIR)/AnimeListApp.app/AnimeListApp";
			};
			name = Debug;
		};
		4FD71CE728F5AA7B00A3350D /* Release */ = {
			isa = XCBuildConfiguration;
			buildSettings = {
				ALWAYS_EMBED_SWIFT_STANDARD_LIBRARIES = YES;
				BUNDLE_LOADER = "$(TEST_HOST)";
				CODE_SIGN_STYLE = Automatic;
				CURRENT_PROJECT_VERSION = 1;
				DEVELOPMENT_TEAM = PPSYB39C6H;
				GENERATE_INFOPLIST_FILE = YES;
				IPHONEOS_DEPLOYMENT_TARGET = 15.5;
				MARKETING_VERSION = 1.0;
				PRODUCT_BUNDLE_IDENTIFIER = progamming.AnimeListAppTests;
				PRODUCT_NAME = "$(TARGET_NAME)";
				SWIFT_EMIT_LOC_STRINGS = NO;
				SWIFT_VERSION = 5.0;
				TARGETED_DEVICE_FAMILY = "1,2";
				TEST_HOST = "$(BUILT_PRODUCTS_DIR)/AnimeListApp.app/AnimeListApp";
			};
			name = Release;
		};
		4FD71CE928F5AA7B00A3350D /* Debug */ = {
			isa = XCBuildConfiguration;
			buildSettings = {
				ALWAYS_EMBED_SWIFT_STANDARD_LIBRARIES = YES;
				CODE_SIGN_STYLE = Automatic;
				CURRENT_PROJECT_VERSION = 1;
				DEVELOPMENT_TEAM = PPSYB39C6H;
				GENERATE_INFOPLIST_FILE = YES;
				MARKETING_VERSION = 1.0;
				PRODUCT_BUNDLE_IDENTIFIER = progamming.AnimeListAppUITests;
				PRODUCT_NAME = "$(TARGET_NAME)";
				SWIFT_EMIT_LOC_STRINGS = NO;
				SWIFT_VERSION = 5.0;
				TARGETED_DEVICE_FAMILY = "1,2";
				TEST_TARGET_NAME = AnimeListApp;
			};
			name = Debug;
		};
		4FD71CEA28F5AA7B00A3350D /* Release */ = {
			isa = XCBuildConfiguration;
			buildSettings = {
				ALWAYS_EMBED_SWIFT_STANDARD_LIBRARIES = YES;
				CODE_SIGN_STYLE = Automatic;
				CURRENT_PROJECT_VERSION = 1;
				DEVELOPMENT_TEAM = PPSYB39C6H;
				GENERATE_INFOPLIST_FILE = YES;
				MARKETING_VERSION = 1.0;
				PRODUCT_BUNDLE_IDENTIFIER = progamming.AnimeListAppUITests;
				PRODUCT_NAME = "$(TARGET_NAME)";
				SWIFT_EMIT_LOC_STRINGS = NO;
				SWIFT_VERSION = 5.0;
				TARGETED_DEVICE_FAMILY = "1,2";
				TEST_TARGET_NAME = AnimeListApp;
			};
			name = Release;
		};
/* End XCBuildConfiguration section */

/* Begin XCConfigurationList section */
		4FD71CB028F5AA7A00A3350D /* Build configuration list for PBXProject "AnimeListApp" */ = {
			isa = XCConfigurationList;
			buildConfigurations = (
				4FD71CE028F5AA7B00A3350D /* Debug */,
				4FD71CE128F5AA7B00A3350D /* Release */,
			);
			defaultConfigurationIsVisible = 0;
			defaultConfigurationName = Release;
		};
		4FD71CE228F5AA7B00A3350D /* Build configuration list for PBXNativeTarget "AnimeListApp" */ = {
			isa = XCConfigurationList;
			buildConfigurations = (
				4FD71CE328F5AA7B00A3350D /* Debug */,
				4FD71CE428F5AA7B00A3350D /* Release */,
			);
			defaultConfigurationIsVisible = 0;
			defaultConfigurationName = Release;
		};
		4FD71CE528F5AA7B00A3350D /* Build configuration list for PBXNativeTarget "AnimeListAppTests" */ = {
			isa = XCConfigurationList;
			buildConfigurations = (
				4FD71CE628F5AA7B00A3350D /* Debug */,
				4FD71CE728F5AA7B00A3350D /* Release */,
			);
			defaultConfigurationIsVisible = 0;
			defaultConfigurationName = Release;
		};
		4FD71CE828F5AA7B00A3350D /* Build configuration list for PBXNativeTarget "AnimeListAppUITests" */ = {
			isa = XCConfigurationList;
			buildConfigurations = (
				4FD71CE928F5AA7B00A3350D /* Debug */,
				4FD71CEA28F5AA7B00A3350D /* Release */,
			);
			defaultConfigurationIsVisible = 0;
			defaultConfigurationName = Release;
		};
/* End XCConfigurationList section */

/* Begin XCVersionGroup section */
		4FD71CC128F5AA7A00A3350D /* AnimeListApp.xcdatamodeld */ = {
			isa = XCVersionGroup;
			children = (
				4FD71CC228F5AA7A00A3350D /* AnimeListApp.xcdatamodel */,
			);
			currentVersion = 4FD71CC228F5AA7A00A3350D /* AnimeListApp.xcdatamodel */;
			path = AnimeListApp.xcdatamodeld;
			sourceTree = "<group>";
			versionGroupType = wrapper.xcdatamodel;
		};
/* End XCVersionGroup section */
	};
	rootObject = 4FD71CAD28F5AA7A00A3350D /* Project object */;
}
